
Microsoft Visual Studio Solution File, Format Version 12.00
# Visual Studio 15
VisualStudioVersion = 15.0.28307.902
MinimumVisualStudioVersion = 10.0.40219.1
Project("{FAE04EC0-301F-11D3-BF4B-00C04F79EFBC}") = "BasicosCSharp", "BasicosCSharp\BasicosCSharp.csproj", "{FB0CAC83-9A2A-449B-B30E-82BD8E953F70}"
EndProject
Project("{FAE04EC0-301F-11D3-BF4B-00C04F79EFBC}") = "UnitTestBasicosCSharp", "UnitTestBasicosCSharp\UnitTestBasicosCSharp.csproj", "{BE09EEEF-8BF8-499B-BFD8-31763316E1AE}"
EndProject
Global
	GlobalSection(SolutionConfigurationPlatforms) = preSolution
		Debug|Any CPU = Debug|Any CPU
		Release|Any CPU = Release|Any CPU
	EndGlobalSection
	GlobalSection(ProjectConfigurationPlatforms) = postSolution
		{FB0CAC83-9A2A-449B-B30E-82BD8E953F70}.Debug|Any CPU.ActiveCfg = Debug|Any CPU
		{FB0CAC83-9A2A-449B-B30E-82BD8E953F70}.Debug|Any CPU.Build.0 = Debug|Any CPU
		{FB0CAC83-9A2A-449B-B30E-82BD8E953F70}.Release|Any CPU.ActiveCfg = Release|Any CPU
		{FB0CAC83-9A2A-449B-B30E-82BD8E953F70}.Release|Any CPU.Build.0 = Release|Any CPU
		{BE09EEEF-8BF8-499B-BFD8-31763316E1AE}.Debug|Any CPU.ActiveCfg = Debug|Any CPU
		{BE09EEEF-8BF8-499B-BFD8-31763316E1AE}.Debug|Any CPU.Build.0 = Debug|Any CPU
		{BE09EEEF-8BF8-499B-BFD8-31763316E1AE}.Release|Any CPU.ActiveCfg = Release|Any CPU
		{BE09EEEF-8BF8-499B-BFD8-31763316E1AE}.Release|Any CPU.Build.0 = Release|Any CPU
	EndGlobalSection
	GlobalSection(SolutionProperties) = preSolution
		HideSolutionNode = FALSE
	EndGlobalSection
	GlobalSection(ExtensibilityGlobals) = postSolution
		SolutionGuid = {DEF0FAAE-79B3-4AEF-93B6-BE1B9C5CFA88}
	EndGlobalSection
EndGlobal
